{
  "nodes": {
    "devshell": {
      "inputs": {
        "nixpkgs": [
          "nixvim",
          "nixpkgs"
        ]
      },
      "locked": {
        "lastModified": 1728330715,
        "narHash": "sha256-xRJ2nPOXb//u1jaBnDP56M7v5ldavjbtR6lfGqSvcKg=",
        "owner": "numtide",
        "repo": "devshell",
        "rev": "dd6b80932022cea34a019e2bb32f6fa9e494dfef",
        "type": "github"
      },
      "original": {
        "owner": "numtide",
        "repo": "devshell",
        "type": "github"
      }
    },
    "fenix": {
      "inputs": {
        "nixpkgs": [
          "nixpkgs"
        ],
        "rust-analyzer-src": "rust-analyzer-src"
      },
      "locked": {
        "lastModified": 1730442928,
        "narHash": "sha256-U1DWb5c3EfkA7pqx5V1H4AWRA+EaE6UJ0lIRvK1RxgM=",
        "owner": "nix-community",
        "repo": "fenix",
        "rev": "87b4d20f896c99018dde4702a9c6157b516f2a76",
        "type": "github"
      },
      "original": {
        "owner": "nix-community",
        "repo": "fenix",
        "type": "github"
      }
    },
    "flake-compat": {
      "locked": {
        "lastModified": 1696426674,
        "narHash": "sha256-kvjfFW7WAETZlt09AgDn1MrtKzP7t90Vf7vypd3OL1U=",
        "rev": "0f9255e01c2351cc7d116c072cb317785dd33b33",
        "revCount": 57,
        "type": "tarball",
        "url": "https://api.flakehub.com/f/pinned/edolstra/flake-compat/1.0.1/018afb31-abd1-7bff-a5e4-cff7e18efb7a/source.tar.gz"
      },
      "original": {
        "type": "tarball",
        "url": "https://flakehub.com/f/edolstra/flake-compat/1.tar.gz"
      }
    },
    "flake-parts": {
      "inputs": {
        "nixpkgs-lib": [
          "nixvim",
          "nixpkgs"
        ]
      },
      "locked": {
        "lastModified": 1727826117,
        "narHash": "sha256-K5ZLCyfO/Zj9mPFldf3iwS6oZStJcU4tSpiXTMYaaL0=",
        "owner": "hercules-ci",
        "repo": "flake-parts",
        "rev": "3d04084d54bedc3d6b8b736c70ef449225c361b1",
        "type": "github"
      },
      "original": {
        "owner": "hercules-ci",
        "repo": "flake-parts",
        "type": "github"
      }
    },
    "flake-utils": {
      "inputs": {
        "systems": "systems"
      },
      "locked": {
        "lastModified": 1726560853,
        "narHash": "sha256-X6rJYSESBVr3hBoH0WbKE5KvhPU5bloyZ2L4K60/fPQ=",
        "owner": "numtide",
        "repo": "flake-utils",
        "rev": "c1dfcf08411b08f6b8615f7d8971a2bfa81d5e8a",
        "type": "github"
      },
      "original": {
        "owner": "numtide",
        "repo": "flake-utils",
        "type": "github"
      }
    },
    "flake-utils_2": {
      "inputs": {
        "systems": "systems_2"
      },
      "locked": {
        "lastModified": 1726560853,
        "narHash": "sha256-X6rJYSESBVr3hBoH0WbKE5KvhPU5bloyZ2L4K60/fPQ=",
        "owner": "numtide",
        "repo": "flake-utils",
        "rev": "c1dfcf08411b08f6b8615f7d8971a2bfa81d5e8a",
        "type": "github"
      },
      "original": {
        "owner": "numtide",
        "repo": "flake-utils",
        "type": "github"
      }
    },
    "git-hooks": {
      "inputs": {
        "flake-compat": [
          "nixvim",
          "flake-compat"
        ],
        "gitignore": "gitignore",
        "nixpkgs": [
          "nixvim",
          "nixpkgs"
        ],
        "nixpkgs-stable": [
          "nixvim",
          "nixpkgs"
        ]
      },
      "locked": {
        "lastModified": 1730302582,
        "narHash": "sha256-W1MIJpADXQCgosJZT8qBYLRuZls2KSiKdpnTVdKBuvU=",
        "owner": "cachix",
        "repo": "git-hooks.nix",
        "rev": "af8a16fe5c264f5e9e18bcee2859b40a656876cf",
        "type": "github"
      },
      "original": {
        "owner": "cachix",
        "repo": "git-hooks.nix",
        "type": "github"
      }
    },
    "github-dark-nvim-src": {
      "flake": false,
      "locked": {
        "lastModified": 1664352368,
        "narHash": "sha256-o7uZMqH3ZkYbL1O16NDZLtqKgqBN223dFFCB+Vc7Mxo=",
        "owner": "vv9k",
        "repo": "vim-github-dark",
        "rev": "25361ac70c66d776bdcf5d749042f07e6e7f50ff",
        "type": "github"
      },
      "original": {
        "owner": "vv9k",
        "repo": "vim-github-dark",
        "type": "github"
      }
    },
    "gitignore": {
      "inputs": {
        "nixpkgs": [
          "nixvim",
          "git-hooks",
          "nixpkgs"
        ]
      },
      "locked": {
        "lastModified": 1709087332,
        "narHash": "sha256-HG2cCnktfHsKV0s4XW83gU3F57gaTljL9KNSuG6bnQs=",
        "owner": "hercules-ci",
        "repo": "gitignore.nix",
        "rev": "637db329424fd7e46cf4185293b9cc8c88c95394",
        "type": "github"
      },
      "original": {
        "owner": "hercules-ci",
        "repo": "gitignore.nix",
        "type": "github"
      }
    },
    "hammer": {
      "inputs": {
        "src": [
          "hammer-src"
        ]
      },
      "locked": {
        "lastModified": 1730228124,
        "narHash": "sha256-uT85AlXkJgFvO9CokqI6ik4vHJjS2pQ+3c+d7QrT7xs=",
        "owner": "wrsturgeon",
        "repo": "coqhammer-nix",
        "rev": "3ba408bae9deb4ed4d883d1e3e24f7c8e24b6eeb",
        "type": "github"
      },
      "original": {
        "owner": "wrsturgeon",
        "repo": "coqhammer-nix",
        "type": "github"
      }
    },
    "hammer-src": {
      "flake": false,
      "locked": {
        "lastModified": 1722164119,
        "narHash": "sha256-v22BbFaGmkgN1h92X/hYDATu/MbIaOkJDvrKM/WsOqY=",
        "owner": "lukaszcz",
        "repo": "coqhammer",
        "rev": "eca86302384cec35c2b894b741137a6dda1d50bb",
        "type": "github"
      },
      "original": {
        "owner": "lukaszcz",
        "ref": "master",
        "repo": "coqhammer",
        "type": "github"
      }
    },
    "home-manager": {
      "inputs": {
        "nixpkgs": [
          "nixvim",
          "nixpkgs"
        ]
      },
      "locked": {
        "lastModified": 1730016908,
        "narHash": "sha256-bFCxJco7d8IgmjfNExNz9knP8wvwbXU4s/d53KOK6U0=",
        "owner": "nix-community",
        "repo": "home-manager",
        "rev": "e83414058edd339148dc142a8437edb9450574c8",
        "type": "github"
      },
      "original": {
        "owner": "nix-community",
        "repo": "home-manager",
        "type": "github"
      }
    },
    "ixx": {
      "inputs": {
        "flake-utils": [
          "nixvim",
          "nuschtosSearch",
          "flake-utils"
        ],
        "nixpkgs": [
          "nixvim",
          "nuschtosSearch",
          "nixpkgs"
        ]
      },
      "locked": {
        "lastModified": 1729544999,
        "narHash": "sha256-YcyJLvTmN6uLEBGCvYoMLwsinblXMkoYkNLEO4WnKus=",
        "owner": "NuschtOS",
        "repo": "ixx",
        "rev": "65c207c92befec93e22086da9456d3906a4e999c",
        "type": "github"
      },
      "original": {
        "owner": "NuschtOS",
        "ref": "v0.0.5",
        "repo": "ixx",
        "type": "github"
      }
    },
    "nix-darwin": {
      "inputs": {
        "nixpkgs": [
          "nixpkgs"
        ]
      },
      "locked": {
        "lastModified": 1730448474,
        "narHash": "sha256-qE/cYKBhzxHMtKtLK3hlSR3uzO1pWPGLrBuQK7r0CHc=",
        "owner": "LnL7",
        "repo": "nix-darwin",
        "rev": "683d0c4cd1102dcccfa3f835565378c7f3cbe05e",
        "type": "github"
      },
      "original": {
        "owner": "LnL7",
        "repo": "nix-darwin",
        "type": "github"
      }
    },
    "nixos-hardware": {
      "flake": false,
      "locked": {
        "lastModified": 1677180169,
        "narHash": "sha256-tn1pTjPP+H2lAQDb8/Iw/FeZLjAQnSH00rR7MOFKZ9w=",
        "owner": "kekrby",
        "repo": "nixos-hardware",
        "rev": "e964f9f56c01992263c0b8040f989996aa870741",
        "type": "github"
      },
      "original": {
        "owner": "kekrby",
        "repo": "nixos-hardware",
        "type": "github"
      }
    },
    "nixpkgs": {
      "locked": {
        "lastModified": 1730200266,
        "narHash": "sha256-l253w0XMT8nWHGXuXqyiIC/bMvh1VRszGXgdpQlfhvU=",
        "owner": "nixos",
        "repo": "nixpkgs",
        "rev": "807e9154dcb16384b1b765ebe9cd2bba2ac287fd",
        "type": "github"
      },
      "original": {
        "owner": "nixos",
        "ref": "nixos-unstable",
        "repo": "nixpkgs",
        "type": "github"
      }
    },
    "nixvim": {
      "inputs": {
        "devshell": "devshell",
        "flake-compat": "flake-compat",
        "flake-parts": "flake-parts",
        "git-hooks": "git-hooks",
        "home-manager": "home-manager",
        "nix-darwin": [
          "nix-darwin"
        ],
        "nixpkgs": [
          "nixpkgs"
        ],
        "nuschtosSearch": "nuschtosSearch",
        "treefmt-nix": "treefmt-nix"
      },
      "locked": {
        "lastModified": 1730368298,
        "narHash": "sha256-5z4pDqRSSovXPPtN1BNEJOkGoCd/XSYuCWh8AsvoTio=",
        "owner": "nix-community",
        "repo": "nixvim",
        "rev": "42ea1626cb002fa759a6b1e2841bfc80a4e59615",
        "type": "github"
      },
      "original": {
        "owner": "nix-community",
        "repo": "nixvim",
        "type": "github"
      }
    },
    "nuschtosSearch": {
      "inputs": {
        "flake-utils": "flake-utils_2",
        "ixx": "ixx",
        "nixpkgs": [
          "nixvim",
          "nixpkgs"
        ]
      },
      "locked": {
        "lastModified": 1730337772,
        "narHash": "sha256-uTxvqDohfG85+zldO5Tf1B+fuAF8ZhMouNwG5S6OAnA=",
        "owner": "NuschtOS",
        "repo": "search",
        "rev": "4e0a7a95a3df3333771abc4df6a656e7baf67106",
        "type": "github"
      },
      "original": {
        "owner": "NuschtOS",
        "repo": "search",
        "type": "github"
      }
    },
    "root": {
      "inputs": {
        "fenix": "fenix",
        "flake-utils": "flake-utils",
        "github-dark-nvim-src": "github-dark-nvim-src",
        "hammer": "hammer",
        "hammer-src": "hammer-src",
        "nix-darwin": "nix-darwin",
        "nixos-hardware": "nixos-hardware",
        "nixpkgs": "nixpkgs",
        "nixvim": "nixvim",
        "wezterm-zip": "wezterm-zip"
      }
    },
    "rust-analyzer-src": {
      "flake": false,
      "locked": {
        "lastModified": 1730386175,
        "narHash": "sha256-0Uq+/B8eu7pw8B8pxuGdFYKjcVLwNMcHfDxU9sXh7rg=",
        "owner": "rust-lang",
        "repo": "rust-analyzer",
        "rev": "0ba893e1a00d92557ac91efb771d72eee36ca687",
        "type": "github"
      },
      "original": {
        "owner": "rust-lang",
        "ref": "nightly",
        "repo": "rust-analyzer",
        "type": "github"
      }
    },
    "systems": {
      "locked": {
        "lastModified": 1681028828,
        "narHash": "sha256-Vy1rq5AaRuLzOxct8nz4T6wlgyUR7zLU309k9mBC768=",
        "owner": "nix-systems",
        "repo": "default",
        "rev": "da67096a3b9bf56a91d16901293e51ba5b49a27e",
        "type": "github"
      },
      "original": {
        "owner": "nix-systems",
        "repo": "default",
        "type": "github"
      }
    },
    "systems_2": {
      "locked": {
        "lastModified": 1681028828,
        "narHash": "sha256-Vy1rq5AaRuLzOxct8nz4T6wlgyUR7zLU309k9mBC768=",
        "owner": "nix-systems",
        "repo": "default",
        "rev": "da67096a3b9bf56a91d16901293e51ba5b49a27e",
        "type": "github"
      },
      "original": {
        "owner": "nix-systems",
        "repo": "default",
        "type": "github"
      }
    },
    "treefmt-nix": {
      "inputs": {
        "nixpkgs": [
          "nixvim",
          "nixpkgs"
        ]
      },
      "locked": {
        "lastModified": 1730321837,
        "narHash": "sha256-vK+a09qq19QNu2MlLcvN4qcRctJbqWkX7ahgPZ/+maI=",
        "owner": "numtide",
        "repo": "treefmt-nix",
        "rev": "746901bb8dba96d154b66492a29f5db0693dbfcc",
        "type": "github"
      },
      "original": {
        "owner": "numtide",
        "repo": "treefmt-nix",
        "type": "github"
      }
    },
    "wezterm-zip": {
      "flake": false,
      "locked": {
        "lastModified": 1730433074,
        "narHash": "sha256-0d766AAHPhHF3E4wJyr0fCPhtgQeUgaSXBwzveRhmA0=",
        "type": "tarball",
        "url": "https://github.com/wez/wezterm/releases/download/nightly/WezTerm-macos-nightly.zip"
      },
      "original": {
        "type": "tarball",
        "url": "https://github.com/wez/wezterm/releases/download/nightly/WezTerm-macos-nightly.zip"
      }
    }
  },
  "root": "root",
  "version": 7
}
