{
  "nodes": {
    "apple-fonts": {
      "inputs": {
        "flake-utils": "flake-utils_3",
        "nixpkgs": [
          "linux",
          "nixpkgs"
        ],
        "ny": "ny",
        "sf-arabic": "sf-arabic",
        "sf-compact": "sf-compact",
        "sf-mono": "sf-mono",
        "sf-pro": "sf-pro"
      },
      "locked": {
        "lastModified": 1705496891,
        "narHash": "sha256-lLX87aJ9oUT3u0Iaf60xKIJ2RQNt3v4Ne2cvSWyaS7U=",
        "owner": "lyndeno",
        "repo": "apple-fonts.nix",
        "rev": "e6ffbc887752ba0fe035fbcc8b282555804dd3f6",
        "type": "github"
      },
      "original": {
        "owner": "lyndeno",
        "repo": "apple-fonts.nix",
        "type": "github"
      }
    },
    "firefox-addons": {
      "inputs": {
        "flake-utils": "flake-utils",
        "nixpkgs": [
          "home",
          "nixpkgs"
        ]
      },
      "locked": {
        "dir": "pkgs/firefox-addons",
        "lastModified": 1709093047,
        "narHash": "sha256-6EeMX7P3dskhSQcQNmWpIDrMVTD0O8XMZPRzwhH2PAc=",
        "owner": "rycee",
        "repo": "nur-expressions",
        "rev": "3a46c7b2f01b933377e8a94293d151f6bc79697b",
        "type": "gitlab"
      },
      "original": {
        "dir": "pkgs/firefox-addons",
        "owner": "rycee",
        "repo": "nur-expressions",
        "type": "gitlab"
      }
    },
    "flake-utils": {
      "locked": {
        "lastModified": 1629284811,
        "narHash": "sha256-JHgasjPR0/J1J3DRm4KxM4zTyAj4IOJY8vIl75v/kPI=",
        "owner": "numtide",
        "repo": "flake-utils",
        "rev": "c5d161cc0af116a2e17f54316f0bf43f0819785c",
        "type": "github"
      },
      "original": {
        "owner": "numtide",
        "repo": "flake-utils",
        "type": "github"
      }
    },
    "flake-utils_2": {
      "inputs": {
        "systems": "systems"
      },
      "locked": {
        "lastModified": 1705309234,
        "narHash": "sha256-uNRRNRKmJyCRC/8y1RqBkqWBLM034y4qN7EprSdmgyA=",
        "owner": "numtide",
        "repo": "flake-utils",
        "rev": "1ef2e671c3b0c19053962c07dbda38332dcebf26",
        "type": "github"
      },
      "original": {
        "owner": "numtide",
        "repo": "flake-utils",
        "type": "github"
      }
    },
    "flake-utils_3": {
      "inputs": {
        "systems": "systems_2"
      },
      "locked": {
        "lastModified": 1705309234,
        "narHash": "sha256-uNRRNRKmJyCRC/8y1RqBkqWBLM034y4qN7EprSdmgyA=",
        "owner": "numtide",
        "repo": "flake-utils",
        "rev": "1ef2e671c3b0c19053962c07dbda38332dcebf26",
        "type": "github"
      },
      "original": {
        "owner": "numtide",
        "repo": "flake-utils",
        "type": "github"
      }
    },
    "freetype2": {
      "flake": false,
      "locked": {
        "lastModified": 1675923892,
        "narHash": "sha256-dOm8VKYdclTLLkqWMLv7DQI0Qyjit7S4SOCszKEkG3o=",
        "owner": "wez",
        "repo": "freetype2",
        "rev": "de8b92dd7ec634e9e2b25ef534c54a3537555c11",
        "type": "github"
      },
      "original": {
        "owner": "wez",
        "repo": "freetype2",
        "rev": "de8b92dd7ec634e9e2b25ef534c54a3537555c11",
        "type": "github"
      }
    },
    "harfbuzz": {
      "flake": false,
      "locked": {
        "lastModified": 1677798343,
        "narHash": "sha256-Lsd0Vrkrv67CMyV0ZveShfjUvqh/jDhI8rAK9ps+SZQ=",
        "owner": "harfbuzz",
        "repo": "harfbuzz",
        "rev": "60841e26187576bff477c1a09ee2ffe544844abc",
        "type": "github"
      },
      "original": {
        "owner": "harfbuzz",
        "repo": "harfbuzz",
        "rev": "60841e26187576bff477c1a09ee2ffe544844abc",
        "type": "github"
      }
    },
    "home": {
      "inputs": {
        "firefox-addons": "firefox-addons",
        "home-manager": "home-manager",
        "jupyter-vim-src": "jupyter-vim-src",
        "nixpkgs": [
          "nixpkgs"
        ],
        "wezterm": "wezterm"
      },
      "locked": {
        "lastModified": 1,
        "narHash": "sha256-siDViztQeyV0TTKe7kM3pTHMcclskEmX+9yzI2opdi8=",
        "path": "./home",
        "type": "path"
      },
      "original": {
        "path": "./home",
        "type": "path"
      }
    },
    "home-manager": {
      "inputs": {
        "nixpkgs": [
          "home",
          "nixpkgs"
        ]
      },
      "locked": {
        "lastModified": 1708988456,
        "narHash": "sha256-RCz7Xe64tN2zgWk+MVHkzg224znwqknJ1RnB7rVqUWw=",
        "owner": "nix-community",
        "repo": "home-manager",
        "rev": "1d085ea4444d26aa52297758b333b449b2aa6fca",
        "type": "github"
      },
      "original": {
        "owner": "nix-community",
        "repo": "home-manager",
        "type": "github"
      }
    },
    "jupyter-vim-src": {
      "flake": false,
      "locked": {
        "lastModified": 1707721307,
        "narHash": "sha256-hUogj5OraLVwk6z9pOAmxaRcF+DtUxGW+LX4YD1bzJc=",
        "owner": "jupyter-vim",
        "repo": "jupyter-vim",
        "rev": "fd2a2e1a3df7c747be4f5aabc7b8fe37fc5957c1",
        "type": "github"
      },
      "original": {
        "owner": "jupyter-vim",
        "repo": "jupyter-vim",
        "type": "github"
      }
    },
    "libpng": {
      "flake": false,
      "locked": {
        "lastModified": 1549245649,
        "narHash": "sha256-1+cRp0Ungme/OGfc9kGJbklYIWAFxk8Il1M+NV4KSgw=",
        "owner": "glennrp",
        "repo": "libpng",
        "rev": "8439534daa1d3a5705ba92e653eda9251246dd61",
        "type": "github"
      },
      "original": {
        "owner": "glennrp",
        "repo": "libpng",
        "rev": "8439534daa1d3a5705ba92e653eda9251246dd61",
        "type": "github"
      }
    },
    "linux": {
      "inputs": {
        "apple-fonts": "apple-fonts",
        "nixos-hardware": "nixos-hardware",
        "nixpkgs": [
          "nixpkgs"
        ],
        "sf-mono-liga-src": "sf-mono-liga-src"
      },
      "locked": {
        "lastModified": 1,
        "narHash": "sha256-riRnOYuK4mzIuG6cnYW0PLvWbMBBW4hUadn4B7Zw11E=",
        "path": "./os/linux",
        "type": "path"
      },
      "original": {
        "path": "./os/linux",
        "type": "path"
      }
    },
    "mac": {
      "inputs": {
        "nixpkgs": [
          "nixpkgs"
        ]
      },
      "locked": {
        "lastModified": 1,
        "narHash": "sha256-8vVjtU+iACC7GXRvOT9LsSzpAWNr6uIJheKzisE13iw=",
        "path": "./os/mac",
        "type": "path"
      },
      "original": {
        "path": "./os/mac",
        "type": "path"
      }
    },
    "nix-darwin": {
      "inputs": {
        "nixpkgs": [
          "nixpkgs"
        ]
      },
      "locked": {
        "lastModified": 1709001452,
        "narHash": "sha256-FnZ54wkil54hKvr1irdKic1TE27lHQI9dKQmOJRrtlU=",
        "owner": "LnL7",
        "repo": "nix-darwin",
        "rev": "6c06334f0843c7300d1678726bb607ce526f6b36",
        "type": "github"
      },
      "original": {
        "owner": "LnL7",
        "repo": "nix-darwin",
        "type": "github"
      }
    },
    "nixos-hardware": {
      "flake": false,
      "locked": {
        "lastModified": 1677180169,
        "narHash": "sha256-tn1pTjPP+H2lAQDb8/Iw/FeZLjAQnSH00rR7MOFKZ9w=",
        "owner": "kekrby",
        "repo": "nixos-hardware",
        "rev": "e964f9f56c01992263c0b8040f989996aa870741",
        "type": "github"
      },
      "original": {
        "owner": "kekrby",
        "repo": "nixos-hardware",
        "type": "github"
      }
    },
    "nixpkgs": {
      "locked": {
        "lastModified": 1705403940,
        "narHash": "sha256-bl7E3w35Bleiexg01WsN0RuAQEL23HaQeNBC2zjt+9w=",
        "owner": "NixOS",
        "repo": "nixpkgs",
        "rev": "f0326542989e1bdac955ad6269b334a8da4b0c95",
        "type": "github"
      },
      "original": {
        "owner": "NixOS",
        "ref": "nixpkgs-unstable",
        "repo": "nixpkgs",
        "type": "github"
      }
    },
    "nixpkgs_2": {
      "locked": {
        "lastModified": 1709069307,
        "narHash": "sha256-ER6N232jucnqu4+AK80RdmgBDuk61FAqmp36EMqkQns=",
        "owner": "nixos",
        "repo": "nixpkgs",
        "rev": "9c1ea5e3a2a2578792438cba233f2763593e19c5",
        "type": "github"
      },
      "original": {
        "owner": "nixos",
        "ref": "nixpkgs-unstable",
        "repo": "nixpkgs",
        "type": "github"
      }
    },
    "ny": {
      "flake": false,
      "locked": {
        "narHash": "sha256-phACDdjI8RX6yD77PSmFcsriagt+2UuySD7+WEzdzGo=",
        "type": "file",
        "url": "https://devimages-cdn.apple.com/design/resources/download/NY.dmg"
      },
      "original": {
        "type": "file",
        "url": "https://devimages-cdn.apple.com/design/resources/download/NY.dmg"
      }
    },
    "root": {
      "inputs": {
        "home": "home",
        "linux": "linux",
        "mac": "mac",
        "nix-darwin": "nix-darwin",
        "nixpkgs": "nixpkgs_2",
        "shared": "shared"
      }
    },
    "rust-overlay": {
      "inputs": {
        "flake-utils": [
          "home",
          "wezterm",
          "flake-utils"
        ],
        "nixpkgs": [
          "home",
          "wezterm",
          "nixpkgs"
        ]
      },
      "locked": {
        "lastModified": 1705457855,
        "narHash": "sha256-5cCHQtP/PEHK1YNTQyZN9v8ehpLTjc723ZSKAP3Tva8=",
        "owner": "oxalica",
        "repo": "rust-overlay",
        "rev": "a854609265af0e9f48c92e497679edf8fab9e690",
        "type": "github"
      },
      "original": {
        "owner": "oxalica",
        "repo": "rust-overlay",
        "type": "github"
      }
    },
    "sf-arabic": {
      "flake": false,
      "locked": {
        "narHash": "sha256-CPewXMGI78xHsjdRU8ZJIBSYjh5UY6UW21ihE4B+Bkk=",
        "type": "file",
        "url": "https://devimages-cdn.apple.com/design/resources/download/SF-Arabic.dmg"
      },
      "original": {
        "type": "file",
        "url": "https://devimages-cdn.apple.com/design/resources/download/SF-Arabic.dmg"
      }
    },
    "sf-compact": {
      "flake": false,
      "locked": {
        "narHash": "sha256-nJkPlddKF2dIwj+6jiVvS60hDcGAMasEOWemUwBS2mQ=",
        "type": "file",
        "url": "https://devimages-cdn.apple.com/design/resources/download/SF-Compact.dmg"
      },
      "original": {
        "type": "file",
        "url": "https://devimages-cdn.apple.com/design/resources/download/SF-Compact.dmg"
      }
    },
    "sf-mono": {
      "flake": false,
      "locked": {
        "narHash": "sha256-KT1RXz3NcWPetyxVlgMfh/dsoznpI3lMnplz6V7PCUU=",
        "type": "file",
        "url": "https://devimages-cdn.apple.com/design/resources/download/SF-Mono.dmg"
      },
      "original": {
        "type": "file",
        "url": "https://devimages-cdn.apple.com/design/resources/download/SF-Mono.dmg"
      }
    },
    "sf-mono-liga-src": {
      "flake": false,
      "locked": {
        "lastModified": 1688258025,
        "narHash": "sha256-AYjKrVLISsJWXN6Cj74wXmbJtREkFDYOCRw1t2nVH2w=",
        "owner": "shaunsingh",
        "repo": "sfmono-nerd-font-ligaturized",
        "rev": "dc5a3e6fcc2e16ad476b7be3c3c17c2273b260ea",
        "type": "github"
      },
      "original": {
        "owner": "shaunsingh",
        "repo": "sfmono-nerd-font-ligaturized",
        "type": "github"
      }
    },
    "sf-pro": {
      "flake": false,
      "locked": {
        "narHash": "sha256-cn8ae2UddF8Pru6i3fSG2Wki5sf1DmWKD2FmKMsoeAA=",
        "type": "file",
        "url": "https://devimages-cdn.apple.com/design/resources/download/SF-Pro.dmg"
      },
      "original": {
        "type": "file",
        "url": "https://devimages-cdn.apple.com/design/resources/download/SF-Pro.dmg"
      }
    },
    "shared": {
      "inputs": {
        "nixpkgs": [
          "nixpkgs"
        ]
      },
      "locked": {
        "lastModified": 1,
        "narHash": "sha256-6dG8fa6xTvVabY+pFIRP1bN1ZJxh8NuqM6rphGAZhWY=",
        "path": "./os/shared",
        "type": "path"
      },
      "original": {
        "path": "./os/shared",
        "type": "path"
      }
    },
    "systems": {
      "locked": {
        "lastModified": 1681028828,
        "narHash": "sha256-Vy1rq5AaRuLzOxct8nz4T6wlgyUR7zLU309k9mBC768=",
        "owner": "nix-systems",
        "repo": "default",
        "rev": "da67096a3b9bf56a91d16901293e51ba5b49a27e",
        "type": "github"
      },
      "original": {
        "owner": "nix-systems",
        "repo": "default",
        "type": "github"
      }
    },
    "systems_2": {
      "locked": {
        "lastModified": 1681028828,
        "narHash": "sha256-Vy1rq5AaRuLzOxct8nz4T6wlgyUR7zLU309k9mBC768=",
        "owner": "nix-systems",
        "repo": "default",
        "rev": "da67096a3b9bf56a91d16901293e51ba5b49a27e",
        "type": "github"
      },
      "original": {
        "owner": "nix-systems",
        "repo": "default",
        "type": "github"
      }
    },
    "wezterm": {
      "inputs": {
        "flake-utils": "flake-utils_2",
        "freetype2": "freetype2",
        "harfbuzz": "harfbuzz",
        "libpng": "libpng",
        "nixpkgs": "nixpkgs",
        "rust-overlay": "rust-overlay",
        "zlib": "zlib"
      },
      "locked": {
        "dir": "nix",
        "lastModified": 1708994725,
        "narHash": "sha256-t/owVTFmpudRe0kFngQMiVCXmN9DjvqECeoe/sg5zxU=",
        "owner": "wez",
        "repo": "wezterm",
        "rev": "22424c3280cb21af43317cb58ef7bc34a8cbcc91",
        "type": "github"
      },
      "original": {
        "dir": "nix",
        "owner": "wez",
        "repo": "wezterm",
        "type": "github"
      }
    },
    "zlib": {
      "flake": false,
      "locked": {
        "lastModified": 1484501380,
        "narHash": "sha256-j5b6aki1ztrzfCqu8y729sPar8GpyQWIrajdzpJC+ww=",
        "owner": "madler",
        "repo": "zlib",
        "rev": "cacf7f1d4e3d44d871b605da3b647f07d718623f",
        "type": "github"
      },
      "original": {
        "owner": "madler",
        "repo": "zlib",
        "rev": "cacf7f1d4e3d44d871b605da3b647f07d718623f",
        "type": "github"
      }
    }
  },
  "root": "root",
  "version": 7
}
